// !$*UTF8*$!
{
	archiveVersion = 1;
	classes = {
	};
	objectVersion = 45;
	objects = {

/* Begin PBXBuildFile section */
		1D3623260D0F684500981E51 /* ApplicationDelegate.m in Sources */ = {isa = PBXBuildFile; fileRef = 1D3623250D0F684500981E51 /* ApplicationDelegate.m */; };
		1D60589B0D05DD56006BFB54 /* main.m in Sources */ = {isa = PBXBuildFile; fileRef = 29B97316FDCFA39411CA2CEA /* main.m */; };
		1D60589F0D05DD5A006BFB54 /* Foundation.framework in Frameworks */ = {isa = PBXBuildFile; fileRef = 1D30AB110D05D00D00671497 /* Foundation.framework */; };
		1DF5F4E00D08C38300B7A737 /* UIKit.framework in Frameworks */ = {isa = PBXBuildFile; fileRef = 1DF5F4DF0D08C38300B7A737 /* UIKit.framework */; };
		288765FD0DF74451002DB57D /* CoreGraphics.framework in Frameworks */ = {isa = PBXBuildFile; fileRef = 288765FC0DF74451002DB57D /* CoreGraphics.framework */; };
		3020929C12B51A76002CADAE /* item.png in Resources */ = {isa = PBXBuildFile; fileRef = 3020929B12B51A76002CADAE /* item.png */; };
		302092A512B5203E002CADAE /* Item.m in Sources */ = {isa = PBXBuildFile; fileRef = 302092A412B5203E002CADAE /* Item.m */; };
		302868D212B5610E0070BD2A /* grav_change_a.aif in Resources */ = {isa = PBXBuildFile; fileRef = 302868D112B5610E0070BD2A /* grav_change_a.aif */; };
		302868D712B562FF0070BD2A /* background.mp3 in Resources */ = {isa = PBXBuildFile; fileRef = 302868D612B562FF0070BD2A /* background.mp3 */; };
		302868E112B5645C0070BD2A /* winning_screen.png in Resources */ = {isa = PBXBuildFile; fileRef = 302868E012B5645C0070BD2A /* winning_screen.png */; };
		3028690B12B566FE0070BD2A /* bling_a.aif in Resources */ = {isa = PBXBuildFile; fileRef = 3028690A12B566FE0070BD2A /* bling_a.aif */; };
		303CFE4D12B27E7A0032ABEC /* player_facing_right_b.png in Resources */ = {isa = PBXBuildFile; fileRef = 303CFE4C12B27E7A0032ABEC /* player_facing_right_b.png */; };
		30A3B2CB12B2910200D6C103 /* player_facing_right_w.png in Resources */ = {isa = PBXBuildFile; fileRef = 30A3B2CA12B2910200D6C103 /* player_facing_right_w.png */; };
		30A3B38812B2B10600D6C103 /* controller.png in Resources */ = {isa = PBXBuildFile; fileRef = 30A3B38712B2B10600D6C103 /* controller.png */; };
		30A3B39C12B2B42900D6C103 /* PlayerControl.m in Sources */ = {isa = PBXBuildFile; fileRef = 30A3B39B12B2B42900D6C103 /* PlayerControl.m */; };
		30A3B56912B3B39700D6C103 /* UIColor-Expanded.m in Sources */ = {isa = PBXBuildFile; fileRef = 30A3B56812B3B39700D6C103 /* UIColor-Expanded.m */; };
		580A7ADE12B3B4D600CA181E /* controller-position.png in Resources */ = {isa = PBXBuildFile; fileRef = 580A7ADD12B3B4D600CA181E /* controller-position.png */; };
		580A7B8612B3BF2300CA181E /* gravity_bar_black.png in Resources */ = {isa = PBXBuildFile; fileRef = 580A7B8512B3BF2300CA181E /* gravity_bar_black.png */; };
		580A7B8812B3BF3000CA181E /* gravity_bar_white.png in Resources */ = {isa = PBXBuildFile; fileRef = 580A7B8712B3BF3000CA181E /* gravity_bar_white.png */; };
		580A818B12B52FA000CA181E /* player_facing_front_w.png in Resources */ = {isa = PBXBuildFile; fileRef = 580A818712B52FA000CA181E /* player_facing_front_w.png */; };
		580A818C12B52FA000CA181E /* player_facing_left_w.png in Resources */ = {isa = PBXBuildFile; fileRef = 580A818812B52FA000CA181E /* player_facing_left_w.png */; };
		580A818D12B52FA000CA181E /* player_facing_left_b.png in Resources */ = {isa = PBXBuildFile; fileRef = 580A818912B52FA000CA181E /* player_facing_left_b.png */; };
		580A818E12B52FA000CA181E /* player_facing_front_b.png in Resources */ = {isa = PBXBuildFile; fileRef = 580A818A12B52FA000CA181E /* player_facing_front_b.png */; };
		580A824812B5577600CA181E /* level_1.png in Resources */ = {isa = PBXBuildFile; fileRef = 580A824712B5577600CA181E /* level_1.png */; };
		580A827712B56ADF00CA181E /* level_2.png in Resources */ = {isa = PBXBuildFile; fileRef = 580A827612B56ADF00CA181E /* level_2.png */; };
		5851185E12B27EDF00163166 /* Level.m in Sources */ = {isa = PBXBuildFile; fileRef = 5851185D12B27EDF00163166 /* Level.m */; };
		5851186512B283CC00163166 /* level_0.png in Resources */ = {isa = PBXBuildFile; fileRef = 5851186412B283CC00163166 /* level_0.png */; };
		5851191412B290EB00163166 /* StatusOverlay.m in Sources */ = {isa = PBXBuildFile; fileRef = 5851191312B290EB00163166 /* StatusOverlay.m */; };
		5851193E12B2958700163166 /* Icon.png in Resources */ = {isa = PBXBuildFile; fileRef = 5851193D12B2958700163166 /* Icon.png */; };
		588DBF6F12B1AEAE00CB27E5 /* Player.m in Sources */ = {isa = PBXBuildFile; fileRef = 588DBF6E12B1AEAE00CB27E5 /* Player.m */; };
		DE3F093811B7B9DC009D4DB0 /* AVFoundation.framework in Frameworks */ = {isa = PBXBuildFile; fileRef = DE3F093711B7B9DC009D4DB0 /* AVFoundation.framework */; };
		DE3F093A11B7B9DC009D4DB0 /* AudioToolbox.framework in Frameworks */ = {isa = PBXBuildFile; fileRef = DE3F093911B7B9DC009D4DB0 /* AudioToolbox.framework */; };
		DE3F097811B7BABD009D4DB0 /* OpenAL.framework in Frameworks */ = {isa = PBXBuildFile; fileRef = DE3F097711B7BABD009D4DB0 /* OpenAL.framework */; };
		DE4A3D7A10FFB08200FDA492 /* OpenGLES.framework in Frameworks */ = {isa = PBXBuildFile; fileRef = DE4A3D7910FFB08200FDA492 /* OpenGLES.framework */; };
		DE4A3D7F10FFB08B00FDA492 /* QuartzCore.framework in Frameworks */ = {isa = PBXBuildFile; fileRef = DE4A3D7E10FFB08B00FDA492 /* QuartzCore.framework */; };
		DE4A3DB910FFB0FE00FDA492 /* libSparrow.a in Frameworks */ = {isa = PBXBuildFile; fileRef = DE4A3DB010FFB0DB00FDA492 /* libSparrow.a */; };
		DE4A3DE510FFB2AF00FDA492 /* Game.m in Sources */ = {isa = PBXBuildFile; fileRef = DE4A3DE410FFB2AF00FDA492 /* Game.m */; };
/* End PBXBuildFile section */

/* Begin PBXContainerItemProxy section */
		DE4A3DAF10FFB0DB00FDA492 /* PBXContainerItemProxy */ = {
			isa = PBXContainerItemProxy;
			containerPortal = DE4A3DA210FFB0D400FDA492 /* Sparrow.xcodeproj */;
			proxyType = 2;
			remoteGlobalIDString = DEFE4BC2101B317600E22471;
			remoteInfo = Sparrow;
		};
		DE4A3DB110FFB0DB00FDA492 /* PBXContainerItemProxy */ = {
			isa = PBXContainerItemProxy;
			containerPortal = DE4A3DA210FFB0D400FDA492 /* Sparrow.xcodeproj */;
			proxyType = 2;
			remoteGlobalIDString = DEEA9335101E32A30071DD21;
			remoteInfo = UnitTests;
		};
		DE4A3DB710FFB0F500FDA492 /* PBXContainerItemProxy */ = {
			isa = PBXContainerItemProxy;
			containerPortal = DE4A3DA210FFB0D400FDA492 /* Sparrow.xcodeproj */;
			proxyType = 1;
			remoteGlobalIDString = DEFE4BC1101B317600E22471;
			remoteInfo = Sparrow;
		};
/* End PBXContainerItemProxy section */

/* Begin PBXFileReference section */
		1D30AB110D05D00D00671497 /* Foundation.framework */ = {isa = PBXFileReference; lastKnownFileType = wrapper.framework; name = Foundation.framework; path = System/Library/Frameworks/Foundation.framework; sourceTree = SDKROOT; };
		1D3623240D0F684500981E51 /* ApplicationDelegate.h */ = {isa = PBXFileReference; fileEncoding = 4; lastKnownFileType = sourcecode.c.h; path = ApplicationDelegate.h; sourceTree = "<group>"; };
		1D3623250D0F684500981E51 /* ApplicationDelegate.m */ = {isa = PBXFileReference; fileEncoding = 4; lastKnownFileType = sourcecode.c.objc; path = ApplicationDelegate.m; sourceTree = "<group>"; };
		1D6058910D05DD3D006BFB54 /* mittelgrau.app */ = {isa = PBXFileReference; explicitFileType = wrapper.application; includeInIndex = 0; path = mittelgrau.app; sourceTree = BUILT_PRODUCTS_DIR; };
		1DF5F4DF0D08C38300B7A737 /* UIKit.framework */ = {isa = PBXFileReference; lastKnownFileType = wrapper.framework; name = UIKit.framework; path = System/Library/Frameworks/UIKit.framework; sourceTree = SDKROOT; };
		288765FC0DF74451002DB57D /* CoreGraphics.framework */ = {isa = PBXFileReference; lastKnownFileType = wrapper.framework; name = CoreGraphics.framework; path = System/Library/Frameworks/CoreGraphics.framework; sourceTree = SDKROOT; };
		29B97316FDCFA39411CA2CEA /* main.m */ = {isa = PBXFileReference; fileEncoding = 4; lastKnownFileType = sourcecode.c.objc; path = main.m; sourceTree = "<group>"; };
		3020929B12B51A76002CADAE /* item.png */ = {isa = PBXFileReference; lastKnownFileType = image.png; name = item.png; path = Resources/item.png; sourceTree = "<group>"; };
		302092A312B5203E002CADAE /* Item.h */ = {isa = PBXFileReference; fileEncoding = 4; lastKnownFileType = sourcecode.c.h; path = Item.h; sourceTree = "<group>"; };
		302092A412B5203E002CADAE /* Item.m */ = {isa = PBXFileReference; fileEncoding = 4; lastKnownFileType = sourcecode.c.objc; path = Item.m; sourceTree = "<group>"; };
		302868D112B5610E0070BD2A /* grav_change_a.aif */ = {isa = PBXFileReference; lastKnownFileType = file; name = grav_change_a.aif; path = Resources/grav_change_a.aif; sourceTree = "<group>"; };
		302868D612B562FF0070BD2A /* background.mp3 */ = {isa = PBXFileReference; lastKnownFileType = audio.mp3; name = background.mp3; path = Resources/background.mp3; sourceTree = "<group>"; };
		302868E012B5645C0070BD2A /* winning_screen.png */ = {isa = PBXFileReference; lastKnownFileType = image.png; name = winning_screen.png; path = Resources/LevelBackgrounds/winning_screen.png; sourceTree = "<group>"; };
		3028690A12B566FE0070BD2A /* bling_a.aif */ = {isa = PBXFileReference; lastKnownFileType = file; name = bling_a.aif; path = Resources/bling_a.aif; sourceTree = "<group>"; };
		303CFE4C12B27E7A0032ABEC /* player_facing_right_b.png */ = {isa = PBXFileReference; lastKnownFileType = image.png; name = player_facing_right_b.png; path = Resources/player_facing_right_b.png; sourceTree = "<group>"; };
		30A3B2CA12B2910200D6C103 /* player_facing_right_w.png */ = {isa = PBXFileReference; lastKnownFileType = image.png; name = player_facing_right_w.png; path = Resources/player_facing_right_w.png; sourceTree = "<group>"; };
		30A3B38712B2B10600D6C103 /* controller.png */ = {isa = PBXFileReference; lastKnownFileType = image.png; name = controller.png; path = Resources/controller.png; sourceTree = "<group>"; };
		30A3B39A12B2B42900D6C103 /* PlayerControl.h */ = {isa = PBXFileReference; fileEncoding = 4; lastKnownFileType = sourcecode.c.h; path = PlayerControl.h; sourceTree = "<group>"; };
		30A3B39B12B2B42900D6C103 /* PlayerControl.m */ = {isa = PBXFileReference; fileEncoding = 4; lastKnownFileType = sourcecode.c.objc; path = PlayerControl.m; sourceTree = "<group>"; };
		30A3B56712B3B39700D6C103 /* UIColor-Expanded.h */ = {isa = PBXFileReference; fileEncoding = 4; lastKnownFileType = sourcecode.c.h; path = "UIColor-Expanded.h"; sourceTree = "<group>"; };
		30A3B56812B3B39700D6C103 /* UIColor-Expanded.m */ = {isa = PBXFileReference; fileEncoding = 4; lastKnownFileType = sourcecode.c.objc; path = "UIColor-Expanded.m"; sourceTree = "<group>"; };
		32CA4F630368D1EE00C91783 /* Application_Prefix.pch */ = {isa = PBXFileReference; fileEncoding = 4; lastKnownFileType = sourcecode.c.h; path = Application_Prefix.pch; sourceTree = "<group>"; };
		580A7ADD12B3B4D600CA181E /* controller-position.png */ = {isa = PBXFileReference; lastKnownFileType = image.png; name = "controller-position.png"; path = "Resources/controller-position.png"; sourceTree = "<group>"; };
		580A7B8512B3BF2300CA181E /* gravity_bar_black.png */ = {isa = PBXFileReference; lastKnownFileType = image.png; name = gravity_bar_black.png; path = Resources/StatusOverlays/gravity_bar_black.png; sourceTree = "<group>"; };
		580A7B8712B3BF3000CA181E /* gravity_bar_white.png */ = {isa = PBXFileReference; lastKnownFileType = image.png; name = gravity_bar_white.png; path = Resources/StatusOverlays/gravity_bar_white.png; sourceTree = "<group>"; };
		580A818712B52FA000CA181E /* player_facing_front_w.png */ = {isa = PBXFileReference; lastKnownFileType = image.png; name = player_facing_front_w.png; path = Resources/player_facing_front_w.png; sourceTree = "<group>"; };
		580A818812B52FA000CA181E /* player_facing_left_w.png */ = {isa = PBXFileReference; lastKnownFileType = image.png; name = player_facing_left_w.png; path = Resources/player_facing_left_w.png; sourceTree = "<group>"; };
		580A818912B52FA000CA181E /* player_facing_left_b.png */ = {isa = PBXFileReference; lastKnownFileType = image.png; name = player_facing_left_b.png; path = Resources/player_facing_left_b.png; sourceTree = "<group>"; };
		580A818A12B52FA000CA181E /* player_facing_front_b.png */ = {isa = PBXFileReference; lastKnownFileType = image.png; name = player_facing_front_b.png; path = Resources/player_facing_front_b.png; sourceTree = "<group>"; };
		580A824712B5577600CA181E /* level_1.png */ = {isa = PBXFileReference; lastKnownFileType = image.png; name = level_1.png; path = Resources/LevelBackgrounds/level_1.png; sourceTree = "<group>"; };
		580A827612B56ADF00CA181E /* level_2.png */ = {isa = PBXFileReference; lastKnownFileType = image.png; name = level_2.png; path = Resources/LevelBackgrounds/level_2.png; sourceTree = "<group>"; };
		5851185C12B27EDF00163166 /* Level.h */ = {isa = PBXFileReference; fileEncoding = 4; lastKnownFileType = sourcecode.c.h; path = Level.h; sourceTree = "<group>"; };
		5851185D12B27EDF00163166 /* Level.m */ = {isa = PBXFileReference; fileEncoding = 4; lastKnownFileType = sourcecode.c.objc; path = Level.m; sourceTree = "<group>"; };
		5851186412B283CC00163166 /* level_0.png */ = {isa = PBXFileReference; lastKnownFileType = image.png; name = level_0.png; path = Resources/LevelBackgrounds/level_0.png; sourceTree = "<group>"; };
		5851191212B290EB00163166 /* StatusOverlay.h */ = {isa = PBXFileReference; fileEncoding = 4; lastKnownFileType = sourcecode.c.h; path = StatusOverlay.h; sourceTree = "<group>"; };
		5851191312B290EB00163166 /* StatusOverlay.m */ = {isa = PBXFileReference; fileEncoding = 4; lastKnownFileType = sourcecode.c.objc; path = StatusOverlay.m; sourceTree = "<group>"; };
		5851193D12B2958700163166 /* Icon.png */ = {isa = PBXFileReference; lastKnownFileType = image.png; name = Icon.png; path = Resources/Icon.png; sourceTree = "<group>"; };
		588DBF6D12B1AEAE00CB27E5 /* Player.h */ = {isa = PBXFileReference; fileEncoding = 4; lastKnownFileType = sourcecode.c.h; path = Player.h; sourceTree = "<group>"; };
		588DBF6E12B1AEAE00CB27E5 /* Player.m */ = {isa = PBXFileReference; fileEncoding = 4; lastKnownFileType = sourcecode.c.objc; path = Player.m; sourceTree = "<group>"; };
		8D1107310486CEB800E47090 /* Application-Info.plist */ = {isa = PBXFileReference; fileEncoding = 4; lastKnownFileType = text.plist.xml; path = "Application-Info.plist"; plistStructureDefinitionIdentifier = "com.apple.xcode.plist.structure-definition.iphone.info-plist"; sourceTree = "<group>"; };
		DE3F093711B7B9DC009D4DB0 /* AVFoundation.framework */ = {isa = PBXFileReference; lastKnownFileType = wrapper.framework; name = AVFoundation.framework; path = System/Library/Frameworks/AVFoundation.framework; sourceTree = SDKROOT; };
		DE3F093911B7B9DC009D4DB0 /* AudioToolbox.framework */ = {isa = PBXFileReference; lastKnownFileType = wrapper.framework; name = AudioToolbox.framework; path = System/Library/Frameworks/AudioToolbox.framework; sourceTree = SDKROOT; };
		DE3F097711B7BABD009D4DB0 /* OpenAL.framework */ = {isa = PBXFileReference; lastKnownFileType = wrapper.framework; name = OpenAL.framework; path = System/Library/Frameworks/OpenAL.framework; sourceTree = SDKROOT; };
		DE4A3D7910FFB08200FDA492 /* OpenGLES.framework */ = {isa = PBXFileReference; lastKnownFileType = wrapper.framework; name = OpenGLES.framework; path = System/Library/Frameworks/OpenGLES.framework; sourceTree = SDKROOT; };
		DE4A3D7E10FFB08B00FDA492 /* QuartzCore.framework */ = {isa = PBXFileReference; lastKnownFileType = wrapper.framework; name = QuartzCore.framework; path = System/Library/Frameworks/QuartzCore.framework; sourceTree = SDKROOT; };
		DE4A3DA210FFB0D400FDA492 /* Sparrow.xcodeproj */ = {isa = PBXFileReference; lastKnownFileType = "wrapper.pb-project"; path = Sparrow.xcodeproj; sourceTree = SPARROW_SRC; };
		DE4A3DE310FFB2AF00FDA492 /* Game.h */ = {isa = PBXFileReference; fileEncoding = 4; lastKnownFileType = sourcecode.c.h; path = Game.h; sourceTree = "<group>"; };
		DE4A3DE410FFB2AF00FDA492 /* Game.m */ = {isa = PBXFileReference; fileEncoding = 4; lastKnownFileType = sourcecode.c.objc; path = Game.m; sourceTree = "<group>"; };
/* End PBXFileReference section */

/* Begin PBXFrameworksBuildPhase section */
		1D60588F0D05DD3D006BFB54 /* Frameworks */ = {
			isa = PBXFrameworksBuildPhase;
			buildActionMask = 2147483647;
			files = (
				DE4A3DB910FFB0FE00FDA492 /* libSparrow.a in Frameworks */,
				1D60589F0D05DD5A006BFB54 /* Foundation.framework in Frameworks */,
				1DF5F4E00D08C38300B7A737 /* UIKit.framework in Frameworks */,
				288765FD0DF74451002DB57D /* CoreGraphics.framework in Frameworks */,
				DE4A3D7A10FFB08200FDA492 /* OpenGLES.framework in Frameworks */,
				DE4A3D7F10FFB08B00FDA492 /* QuartzCore.framework in Frameworks */,
				DE3F093811B7B9DC009D4DB0 /* AVFoundation.framework in Frameworks */,
				DE3F093A11B7B9DC009D4DB0 /* AudioToolbox.framework in Frameworks */,
				DE3F097811B7BABD009D4DB0 /* OpenAL.framework in Frameworks */,
			);
			runOnlyForDeploymentPostprocessing = 0;
		};
/* End PBXFrameworksBuildPhase section */

/* Begin PBXGroup section */
		080E96DDFE201D6D7F000001 /* Classes */ = {
			isa = PBXGroup;
			children = (
				5851191212B290EB00163166 /* StatusOverlay.h */,
				5851191312B290EB00163166 /* StatusOverlay.m */,
				5851185C12B27EDF00163166 /* Level.h */,
				5851185D12B27EDF00163166 /* Level.m */,
				1D3623240D0F684500981E51 /* ApplicationDelegate.h */,
				1D3623250D0F684500981E51 /* ApplicationDelegate.m */,
				DE4A3DE310FFB2AF00FDA492 /* Game.h */,
				DE4A3DE410FFB2AF00FDA492 /* Game.m */,
				588DBF6D12B1AEAE00CB27E5 /* Player.h */,
				588DBF6E12B1AEAE00CB27E5 /* Player.m */,
				30A3B39A12B2B42900D6C103 /* PlayerControl.h */,
				30A3B39B12B2B42900D6C103 /* PlayerControl.m */,
				30A3B56712B3B39700D6C103 /* UIColor-Expanded.h */,
				30A3B56812B3B39700D6C103 /* UIColor-Expanded.m */,
				302092A312B5203E002CADAE /* Item.h */,
				302092A412B5203E002CADAE /* Item.m */,
			);
			path = Classes;
			sourceTree = "<group>";
		};
		19C28FACFE9D520D11CA2CBB /* Products */ = {
			isa = PBXGroup;
			children = (
				1D6058910D05DD3D006BFB54 /* mittelgrau.app */,
			);
			name = Products;
			sourceTree = "<group>";
		};
		29B97314FDCFA39411CA2CEA /* CustomTemplate */ = {
			isa = PBXGroup;
			children = (
				DE4A3DA210FFB0D400FDA492 /* Sparrow.xcodeproj */,
				080E96DDFE201D6D7F000001 /* Classes */,
				29B97315FDCFA39411CA2CEA /* Other Sources */,
				29B97317FDCFA39411CA2CEA /* Resources */,
				29B97323FDCFA39411CA2CEA /* Frameworks */,
				19C28FACFE9D520D11CA2CBB /* Products */,
			);
			name = CustomTemplate;
			sourceTree = "<group>";
		};
		29B97315FDCFA39411CA2CEA /* Other Sources */ = {
			isa = PBXGroup;
			children = (
				32CA4F630368D1EE00C91783 /* Application_Prefix.pch */,
				29B97316FDCFA39411CA2CEA /* main.m */,
			);
			name = "Other Sources";
			sourceTree = "<group>";
		};
		29B97317FDCFA39411CA2CEA /* Resources */ = {
			isa = PBXGroup;
			children = (
				580A827612B56ADF00CA181E /* level_2.png */,
				302868E012B5645C0070BD2A /* winning_screen.png */,
				302868D512B562ED0070BD2A /* sounds */,
				580A824712B5577600CA181E /* level_1.png */,
				3020929B12B51A76002CADAE /* item.png */,
				580A7B8712B3BF3000CA181E /* gravity_bar_white.png */,
				580A7B8512B3BF2300CA181E /* gravity_bar_black.png */,
				580A7ADD12B3B4D600CA181E /* controller-position.png */,
				30A3B38712B2B10600D6C103 /* controller.png */,
				5851193D12B2958700163166 /* Icon.png */,
				30A3B22F12B288AD00D6C103 /* players */,
				5851186412B283CC00163166 /* level_0.png */,
				8D1107310486CEB800E47090 /* Application-Info.plist */,
			);
			name = Resources;
			sourceTree = "<group>";
		};
		29B97323FDCFA39411CA2CEA /* Frameworks */ = {
			isa = PBXGroup;
			children = (
				DE3F093711B7B9DC009D4DB0 /* AVFoundation.framework */,
				DE3F093911B7B9DC009D4DB0 /* AudioToolbox.framework */,
				DE3F097711B7BABD009D4DB0 /* OpenAL.framework */,
				DE4A3D7E10FFB08B00FDA492 /* QuartzCore.framework */,
				DE4A3D7910FFB08200FDA492 /* OpenGLES.framework */,
				1DF5F4DF0D08C38300B7A737 /* UIKit.framework */,
				1D30AB110D05D00D00671497 /* Foundation.framework */,
				288765FC0DF74451002DB57D /* CoreGraphics.framework */,
			);
			name = Frameworks;
			sourceTree = "<group>";
		};
		302868D512B562ED0070BD2A /* sounds */ = {
			isa = PBXGroup;
			children = (
				3028690A12B566FE0070BD2A /* bling_a.aif */,
				302868D612B562FF0070BD2A /* background.mp3 */,
				302868D112B5610E0070BD2A /* grav_change_a.aif */,
			);
			name = sounds;
			sourceTree = "<group>";
		};
		30A3B22F12B288AD00D6C103 /* players */ = {
			isa = PBXGroup;
			children = (
				580A818712B52FA000CA181E /* player_facing_front_w.png */,
				580A818812B52FA000CA181E /* player_facing_left_w.png */,
				580A818912B52FA000CA181E /* player_facing_left_b.png */,
				580A818A12B52FA000CA181E /* player_facing_front_b.png */,
				30A3B2CA12B2910200D6C103 /* player_facing_right_w.png */,
				303CFE4C12B27E7A0032ABEC /* player_facing_right_b.png */,
			);
			name = players;
			sourceTree = "<group>";
		};
		DE4A3DAB10FFB0DB00FDA492 /* Products */ = {
			isa = PBXGroup;
			children = (
				DE4A3DB010FFB0DB00FDA492 /* libSparrow.a */,
				DE4A3DB210FFB0DB00FDA492 /* UnitTest.octest */,
			);
			name = Products;
			sourceTree = "<group>";
		};
/* End PBXGroup section */

/* Begin PBXNativeTarget section */
		1D6058900D05DD3D006BFB54 /* mittelgrau */ = {
			isa = PBXNativeTarget;
			buildConfigurationList = 1D6058960D05DD3E006BFB54 /* Build configuration list for PBXNativeTarget "mittelgrau" */;
			buildPhases = (
				1D60588D0D05DD3D006BFB54 /* Resources */,
				1D60588E0D05DD3D006BFB54 /* Sources */,
				1D60588F0D05DD3D006BFB54 /* Frameworks */,
			);
			buildRules = (
			);
			dependencies = (
				DE4A3DB810FFB0F500FDA492 /* PBXTargetDependency */,
			);
			name = mittelgrau;
			productName = AppScaffold;
			productReference = 1D6058910D05DD3D006BFB54 /* mittelgrau.app */;
			productType = "com.apple.product-type.application";
		};
/* End PBXNativeTarget section */

/* Begin PBXProject section */
		29B97313FDCFA39411CA2CEA /* Project object */ = {
			isa = PBXProject;
			buildConfigurationList = C01FCF4E08A954540054247B /* Build configuration list for PBXProject "mittelgrau" */;
			compatibilityVersion = "Xcode 3.1";
			developmentRegion = English;
			hasScannedForEncodings = 1;
			knownRegions = (
				English,
				Japanese,
				French,
				German,
			);
			mainGroup = 29B97314FDCFA39411CA2CEA /* CustomTemplate */;
			projectDirPath = "";
			projectReferences = (
				{
					ProductGroup = DE4A3DAB10FFB0DB00FDA492 /* Products */;
					ProjectRef = DE4A3DA210FFB0D400FDA492 /* Sparrow.xcodeproj */;
				},
			);
			projectRoot = "";
			targets = (
				1D6058900D05DD3D006BFB54 /* mittelgrau */,
			);
		};
/* End PBXProject section */

/* Begin PBXReferenceProxy section */
		DE4A3DB010FFB0DB00FDA492 /* libSparrow.a */ = {
			isa = PBXReferenceProxy;
			fileType = archive.ar;
			path = libSparrow.a;
			remoteRef = DE4A3DAF10FFB0DB00FDA492 /* PBXContainerItemProxy */;
			sourceTree = BUILT_PRODUCTS_DIR;
		};
		DE4A3DB210FFB0DB00FDA492 /* UnitTest.octest */ = {
			isa = PBXReferenceProxy;
			fileType = wrapper.cfbundle;
			path = UnitTest.octest;
			remoteRef = DE4A3DB110FFB0DB00FDA492 /* PBXContainerItemProxy */;
			sourceTree = BUILT_PRODUCTS_DIR;
		};
/* End PBXReferenceProxy section */

/* Begin PBXResourcesBuildPhase section */
		1D60588D0D05DD3D006BFB54 /* Resources */ = {
			isa = PBXResourcesBuildPhase;
			buildActionMask = 2147483647;
			files = (
				303CFE4D12B27E7A0032ABEC /* player_facing_right_b.png in Resources */,
				5851186512B283CC00163166 /* level_0.png in Resources */,
				30A3B2CB12B2910200D6C103 /* player_facing_right_w.png in Resources */,
				5851193E12B2958700163166 /* Icon.png in Resources */,
				30A3B38812B2B10600D6C103 /* controller.png in Resources */,
				580A7ADE12B3B4D600CA181E /* controller-position.png in Resources */,
				580A7B8612B3BF2300CA181E /* gravity_bar_black.png in Resources */,
				580A7B8812B3BF3000CA181E /* gravity_bar_white.png in Resources */,
				3020929C12B51A76002CADAE /* item.png in Resources */,
				580A818B12B52FA000CA181E /* player_facing_front_w.png in Resources */,
				580A818C12B52FA000CA181E /* player_facing_left_w.png in Resources */,
				580A818D12B52FA000CA181E /* player_facing_left_b.png in Resources */,
				580A818E12B52FA000CA181E /* player_facing_front_b.png in Resources */,
				580A824812B5577600CA181E /* level_1.png in Resources */,
				302868D212B5610E0070BD2A /* grav_change_a.aif in Resources */,
				302868D712B562FF0070BD2A /* background.mp3 in Resources */,
				302868E112B5645C0070BD2A /* winning_screen.png in Resources */,
				3028690B12B566FE0070BD2A /* bling_a.aif in Resources */,
				580A827712B56ADF00CA181E /* level_2.png in Resources */,
			);
			runOnlyForDeploymentPostprocessing = 0;
		};
/* End PBXResourcesBuildPhase section */

/* Begin PBXSourcesBuildPhase section */
		1D60588E0D05DD3D006BFB54 /* Sources */ = {
			isa = PBXSourcesBuildPhase;
			buildActionMask = 2147483647;
			files = (
				1D60589B0D05DD56006BFB54 /* main.m in Sources */,
				1D3623260D0F684500981E51 /* ApplicationDelegate.m in Sources */,
				DE4A3DE510FFB2AF00FDA492 /* Game.m in Sources */,
				588DBF6F12B1AEAE00CB27E5 /* Player.m in Sources */,
				5851185E12B27EDF00163166 /* Level.m in Sources */,
				5851191412B290EB00163166 /* StatusOverlay.m in Sources */,
				30A3B39C12B2B42900D6C103 /* PlayerControl.m in Sources */,
				30A3B56912B3B39700D6C103 /* UIColor-Expanded.m in Sources */,
				302092A512B5203E002CADAE /* Item.m in Sources */,
			);
			runOnlyForDeploymentPostprocessing = 0;
		};
/* End PBXSourcesBuildPhase section */

/* Begin PBXTargetDependency section */
		DE4A3DB810FFB0F500FDA492 /* PBXTargetDependency */ = {
			isa = PBXTargetDependency;
			name = Sparrow;
			targetProxy = DE4A3DB710FFB0F500FDA492 /* PBXContainerItemProxy */;
		};
/* End PBXTargetDependency section */

/* Begin XCBuildConfiguration section */
		1D6058940D05DD3E006BFB54 /* Debug */ = {
			isa = XCBuildConfiguration;
			buildSettings = {
				COPY_PHASE_STRIP = NO;
				GCC_DYNAMIC_NO_PIC = NO;
				GCC_OPTIMIZATION_LEVEL = 0;
				GCC_PRECOMPILE_PREFIX_HEADER = YES;
				GCC_PREFIX_HEADER = Application_Prefix.pch;
				INFOPLIST_FILE = "Application-Info.plist";
				PRODUCT_NAME = mittelgrau;
				TARGETED_DEVICE_FAMILY = 2;
			};
			name = Debug;
		};
		1D6058950D05DD3E006BFB54 /* Release */ = {
			isa = XCBuildConfiguration;
			buildSettings = {
				COPY_PHASE_STRIP = YES;
				GCC_PRECOMPILE_PREFIX_HEADER = YES;
				GCC_PREFIX_HEADER = Application_Prefix.pch;
				INFOPLIST_FILE = "Application-Info.plist";
				PRODUCT_NAME = mittelgrau;
			};
			name = Release;
		};
		C01FCF4F08A954540054247B /* Debug */ = {
			isa = XCBuildConfiguration;
			buildSettings = {
				ARCHS = "$(ARCHS_UNIVERSAL_IPHONE_OS)";
				"CODE_SIGN_IDENTITY[sdk=iphoneos*]" = "iPhone Developer";
				GCC_C_LANGUAGE_STANDARD = c99;
				GCC_THUMB_SUPPORT = NO;
				GCC_WARN_ABOUT_RETURN_TYPE = YES;
				GCC_WARN_UNUSED_VARIABLE = YES;
				IPHONEOS_DEPLOYMENT_TARGET = 4.1;
				OTHER_LDFLAGS = (
					"-ObjC",
					"-all_load",
				);
				PREBINDING = NO;
				SDKROOT = iphoneos;
				TARGETED_DEVICE_FAMILY = 1;
				USER_HEADER_SEARCH_PATHS = "${SPARROW_SRC}/**";
			};
			name = Debug;
		};
		C01FCF5008A954540054247B /* Release */ = {
			isa = XCBuildConfiguration;
			buildSettings = {
				ARCHS = "$(ARCHS_STANDARD_32_BIT)";
				"CODE_SIGN_IDENTITY[sdk=iphoneos*]" = "iPhone Developer";
				GCC_C_LANGUAGE_STANDARD = c99;
				GCC_THUMB_SUPPORT = NO;
				GCC_WARN_ABOUT_RETURN_TYPE = YES;
				GCC_WARN_UNUSED_VARIABLE = YES;
				IPHONEOS_DEPLOYMENT_TARGET = 4.0;
				OTHER_LDFLAGS = (
					"-ObjC",
					"-all_load",
				);
				PREBINDING = NO;
				SDKROOT = iphoneos;
				USER_HEADER_SEARCH_PATHS = "${SPARROW_SRC}/**";
			};
			name = Release;
		};
/* End XCBuildConfiguration section */

/* Begin XCConfigurationList section */
		1D6058960D05DD3E006BFB54 /* Build configuration list for PBXNativeTarget "mittelgrau" */ = {
			isa = XCConfigurationList;
			buildConfigurations = (
				1D6058940D05DD3E006BFB54 /* Debug */,
				1D6058950D05DD3E006BFB54 /* Release */,
			);
			defaultConfigurationIsVisible = 0;
			defaultConfigurationName = Release;
		};
		C01FCF4E08A954540054247B /* Build configuration list for PBXProject "mittelgrau" */ = {
			isa = XCConfigurationList;
			buildConfigurations = (
				C01FCF4F08A954540054247B /* Debug */,
				C01FCF5008A954540054247B /* Release */,
			);
			defaultConfigurationIsVisible = 0;
			defaultConfigurationName = Release;
		};
/* End XCConfigurationList section */
	};
	rootObject = 29B97313FDCFA39411CA2CEA /* Project object */;
}
